# This file was autogenerated by Stack.
# You should not edit this file by hand.
# For more information, please see the documentation at:
#   https://docs.haskellstack.org/en/stable/lock_files

packages: []
snapshots:
- completed:
    size: 531238
    url: https://raw.githubusercontent.com/commercialhaskell/stackage-snapshots/master/nightly/2020/6/8.yaml
    sha256: 4142a0c691416f331f8b2f9d453a3ec68a3db19929781aeefdd5f75487ce6752
  original: nightly-2020-06-08
