# This file was autogenerated by Stack.
# You should not edit this file by hand.
# For more information, please see the documentation at:
#   https://docs.haskellstack.org/en/stable/lock_files

packages:
- completed:
    hackage: unexceptionalio-0.5.1@sha256:dfa3da738047ea55825be916559083fe3f0460ec699b3b10b7337edece7f43b3,1721
    pantry-tree:
      size: 273
      sha256: efb406a2a61b558b72dcbd6fb127a77d0cb3b6a72a11fc31cd85be9b079ed98f
  original:
    hackage: unexceptionalio-0.5.1
- completed:
    hackage: unexceptionalio-trans-0.5.1@sha256:918dc4216966d992d8016453af47d9ccc7d4721557f28e5996fc338c21b22538,1425
    pantry-tree:
      size: 229
      sha256: 23d9ba4f0324d9608e8524b7a1adbef7b33cdff7de263bb3f528e4172726b915
  original:
    hackage: unexceptionalio-trans-0.5.1
snapshots:
- completed:
    size: 496120
    url: https://raw.githubusercontent.com/commercialhaskell/stackage-snapshots/master/lts/15/16.yaml
    sha256: cf30623a2c147f51eecc8f9d6440f5d1b671af21380505e633faff32b565f3d5
  original: lts-15.16
